
Microsoft Visual Studio Solution File, Format Version 12.00
# Visual Studio Version 17
VisualStudioVersion = 17.5.002.0
MinimumVisualStudioVersion = 10.0.40219.1
Project("{9A19103F-16F7-4668-BE54-9A1E7A4F7556}") = "dotnetAPI", "dotnetAPI.csproj", "{DC7BF640-A795-44C0-8057-7F0E2B6FBB80}"
EndProject
Global
	GlobalSection(SolutionConfigurationPlatforms) = preSolution
		Debug|Any CPU = Debug|Any CPU
		Release|Any CPU = Release|Any CPU
	EndGlobalSection
	GlobalSection(ProjectConfigurationPlatforms) = postSolution
		{DC7BF640-A795-44C0-8057-7F0E2B6FBB80}.Debug|Any CPU.ActiveCfg = Debug|Any CPU
		{DC7BF640-A795-44C0-8057-7F0E2B6FBB80}.Debug|Any CPU.Build.0 = Debug|Any CPU
		{DC7BF640-A795-44C0-8057-7F0E2B6FBB80}.Release|Any CPU.ActiveCfg = Release|Any CPU
		{DC7BF640-A795-44C0-8057-7F0E2B6FBB80}.Release|Any CPU.Build.0 = Release|Any CPU
	EndGlobalSection
	GlobalSection(SolutionProperties) = preSolution
		HideSolutionNode = FALSE
	EndGlobalSection
	GlobalSection(ExtensibilityGlobals) = postSolution
		SolutionGuid = {6853C920-17C5-48A1-AA64-347824E37241}
	EndGlobalSection
EndGlobal
